
Microsoft Visual Studio Solution File, Format Version 12.00
# Visual Studio Version 16
VisualStudioVersion = 16.0.29911.84
MinimumVisualStudioVersion = 10.0.40219.1
Project("{FAE04EC0-301F-11D3-BF4B-00C04F79EFBC}") = "Meow_Meow_Cattery", "Meow_Meow_Cattery\Meow_Meow_Cattery.csproj", "{2320F486-35B4-4A81-99BD-DF11B0964D68}"
EndProject
Global
	GlobalSection(SolutionConfigurationPlatforms) = preSolution
		Debug|Any CPU = Debug|Any CPU
		Release|Any CPU = Release|Any CPU
	EndGlobalSection
	GlobalSection(ProjectConfigurationPlatforms) = postSolution
		{2320F486-35B4-4A81-99BD-DF11B0964D68}.Debug|Any CPU.ActiveCfg = Debug|Any CPU
		{2320F486-35B4-4A81-99BD-DF11B0964D68}.Debug|Any CPU.Build.0 = Debug|Any CPU
		{2320F486-35B4-4A81-99BD-DF11B0964D68}.Release|Any CPU.ActiveCfg = Release|Any CPU
		{2320F486-35B4-4A81-99BD-DF11B0964D68}.Release|Any CPU.Build.0 = Release|Any CPU
	EndGlobalSection
	GlobalSection(SolutionProperties) = preSolution
		HideSolutionNode = FALSE
	EndGlobalSection
	GlobalSection(ExtensibilityGlobals) = postSolution
		SolutionGuid = {7D322699-655C-48F7-A1CD-82E2DA0C9F9B}
	EndGlobalSection
EndGlobal
